// !$*UTF8*$!
{
	archiveVersion = 1;
	classes = {
	};
	objectVersion = 46;
	objects = {

/* Begin PBXFileReference section */
		AF5FA5021F5F070F00DD6CD2 /* 1c.js */ = {isa = PBXFileReference; lastKnownFileType = sourcecode.javascript; path = 1c.js; sourceTree = "<group>"; };
		AF5FA5031F5F070F00DD6CD2 /* abnf.js */ = {isa = PBXFileReference; lastKnownFileType = sourcecode.javascript; path = abnf.js; sourceTree = "<group>"; };
		AF5FA5041F5F070F00DD6CD2 /* accesslog.js */ = {isa = PBXFileReference; lastKnownFileType = sourcecode.javascript; path = accesslog.js; sourceTree = "<group>"; };
		AF5FA5051F5F070F00DD6CD2 /* actionscript.js */ = {isa = PBXFileReference; lastKnownFileType = sourcecode.javascript; path = actionscript.js; sourceTree = "<group>"; };
		AF5FA5061F5F070F00DD6CD2 /* ada.js */ = {isa = PBXFileReference; lastKnownFileType = sourcecode.javascript; path = ada.js; sourceTree = "<group>"; };
		AF5FA5071F5F070F00DD6CD2 /* apache.js */ = {isa = PBXFileReference; lastKnownFileType = sourcecode.javascript; path = apache.js; sourceTree = "<group>"; };
		AF5FA5081F5F070F00DD6CD2 /* applescript.js */ = {isa = PBXFileReference; lastKnownFileType = sourcecode.javascript; path = applescript.js; sourceTree = "<group>"; };
		AF5FA5091F5F070F00DD6CD2 /* arduino.js */ = {isa = PBXFileReference; lastKnownFileType = sourcecode.javascript; path = arduino.js; sourceTree = "<group>"; };
		AF5FA50A1F5F070F00DD6CD2 /* armasm.js */ = {isa = PBXFileReference; lastKnownFileType = sourcecode.javascript; path = armasm.js; sourceTree = "<group>"; };
		AF5FA50B1F5F070F00DD6CD2 /* asciidoc.js */ = {isa = PBXFileReference; lastKnownFileType = sourcecode.javascript; path = asciidoc.js; sourceTree = "<group>"; };
		AF5FA50C1F5F070F00DD6CD2 /* aspectj.js */ = {isa = PBXFileReference; lastKnownFileType = sourcecode.javascript; path = aspectj.js; sourceTree = "<group>"; };
		AF5FA50D1F5F070F00DD6CD2 /* autohotkey.js */ = {isa = PBXFileReference; lastKnownFileType = sourcecode.javascript; path = autohotkey.js; sourceTree = "<group>"; };
		AF5FA50E1F5F070F00DD6CD2 /* autoit.js */ = {isa = PBXFileReference; lastKnownFileType = sourcecode.javascript; path = autoit.js; sourceTree = "<group>"; };
		AF5FA50F1F5F070F00DD6CD2 /* avrasm.js */ = {isa = PBXFileReference; lastKnownFileType = sourcecode.javascript; path = avrasm.js; sourceTree = "<group>"; };
		AF5FA5101F5F070F00DD6CD2 /* awk.js */ = {isa = PBXFileReference; lastKnownFileType = sourcecode.javascript; path = awk.js; sourceTree = "<group>"; };
		AF5FA5111F5F070F00DD6CD2 /* axapta.js */ = {isa = PBXFileReference; lastKnownFileType = sourcecode.javascript; path = axapta.js; sourceTree = "<group>"; };
		AF5FA5121F5F070F00DD6CD2 /* bash.js */ = {isa = PBXFileReference; lastKnownFileType = sourcecode.javascript; path = bash.js; sourceTree = "<group>"; };
		AF5FA5131F5F070F00DD6CD2 /* basic.js */ = {isa = PBXFileReference; lastKnownFileType = sourcecode.javascript; path = basic.js; sourceTree = "<group>"; };
		AF5FA5141F5F070F00DD6CD2 /* bnf.js */ = {isa = PBXFileReference; lastKnownFileType = sourcecode.javascript; path = bnf.js; sourceTree = "<group>"; };
		AF5FA5151F5F070F00DD6CD2 /* brainfuck.js */ = {isa = PBXFileReference; lastKnownFileType = sourcecode.javascript; path = brainfuck.js; sourceTree = "<group>"; };
		AF5FA5161F5F070F00DD6CD2 /* cal.js */ = {isa = PBXFileReference; lastKnownFileType = sourcecode.javascript; path = cal.js; sourceTree = "<group>"; };
		AF5FA5171F5F070F00DD6CD2 /* capnproto.js */ = {isa = PBXFileReference; lastKnownFileType = sourcecode.javascript; path = capnproto.js; sourceTree = "<group>"; };
		AF5FA5181F5F070F00DD6CD2 /* ceylon.js */ = {isa = PBXFileReference; lastKnownFileType = sourcecode.javascript; path = ceylon.js; sourceTree = "<group>"; };
		AF5FA5191F5F070F00DD6CD2 /* clean.js */ = {isa = PBXFileReference; lastKnownFileType = sourcecode.javascript; path = clean.js; sourceTree = "<group>"; };
		AF5FA51A1F5F070F00DD6CD2 /* clojure-repl.js */ = {isa = PBXFileReference; lastKnownFileType = sourcecode.javascript; path = "clojure-repl.js"; sourceTree = "<group>"; };
		AF5FA51B1F5F070F00DD6CD2 /* clojure.js */ = {isa = PBXFileReference; lastKnownFileType = sourcecode.javascript; path = clojure.js; sourceTree = "<group>"; };
		AF5FA51C1F5F070F00DD6CD2 /* cmake.js */ = {isa = PBXFileReference; lastKnownFileType = sourcecode.javascript; path = cmake.js; sourceTree = "<group>"; };
		AF5FA51D1F5F070F00DD6CD2 /* coffeescript.js */ = {isa = PBXFileReference; lastKnownFileType = sourcecode.javascript; path = coffeescript.js; sourceTree = "<group>"; };
		AF5FA51E1F5F070F00DD6CD2 /* coq.js */ = {isa = PBXFileReference; lastKnownFileType = sourcecode.javascript; path = coq.js; sourceTree = "<group>"; };
		AF5FA51F1F5F070F00DD6CD2 /* cos.js */ = {isa = PBXFileReference; lastKnownFileType = sourcecode.javascript; path = cos.js; sourceTree = "<group>"; };
		AF5FA5201F5F070F00DD6CD2 /* cpp.js */ = {isa = PBXFileReference; lastKnownFileType = sourcecode.javascript; path = cpp.js; sourceTree = "<group>"; };
		AF5FA5211F5F070F00DD6CD2 /* crmsh.js */ = {isa = PBXFileReference; lastKnownFileType = sourcecode.javascript; path = crmsh.js; sourceTree = "<group>"; };
		AF5FA5221F5F070F00DD6CD2 /* crystal.js */ = {isa = PBXFileReference; lastKnownFileType = sourcecode.javascript; path = crystal.js; sourceTree = "<group>"; };
		AF5FA5231F5F070F00DD6CD2 /* cs.js */ = {isa = PBXFileReference; lastKnownFileType = sourcecode.javascript; path = cs.js; sourceTree = "<group>"; };
		AF5FA5241F5F070F00DD6CD2 /* csp.js */ = {isa = PBXFileReference; lastKnownFileType = sourcecode.javascript; path = csp.js; sourceTree = "<group>"; };
		AF5FA5251F5F070F00DD6CD2 /* css.js */ = {isa = PBXFileReference; lastKnownFileType = sourcecode.javascript; path = css.js; sourceTree = "<group>"; };
		AF5FA5261F5F070F00DD6CD2 /* d.js */ = {isa = PBXFileReference; lastKnownFileType = sourcecode.javascript; path = d.js; sourceTree = "<group>"; };
		AF5FA5271F5F070F00DD6CD2 /* dart.js */ = {isa = PBXFileReference; lastKnownFileType = sourcecode.javascript; path = dart.js; sourceTree = "<group>"; };
		AF5FA5281F5F070F00DD6CD2 /* delphi.js */ = {isa = PBXFileReference; lastKnownFileType = sourcecode.javascript; path = delphi.js; sourceTree = "<group>"; };
		AF5FA5291F5F070F00DD6CD2 /* diff.js */ = {isa = PBXFileReference; lastKnownFileType = sourcecode.javascript; path = diff.js; sourceTree = "<group>"; };
		AF5FA52A1F5F070F00DD6CD2 /* django.js */ = {isa = PBXFileReference; lastKnownFileType = sourcecode.javascript; path = django.js; sourceTree = "<group>"; };
		AF5FA52B1F5F070F00DD6CD2 /* dns.js */ = {isa = PBXFileReference; lastKnownFileType = sourcecode.javascript; path = dns.js; sourceTree = "<group>"; };
		AF5FA52C1F5F070F00DD6CD2 /* dockerfile.js */ = {isa = PBXFileReference; lastKnownFileType = sourcecode.javascript; path = dockerfile.js; sourceTree = "<group>"; };
		AF5FA52D1F5F070F00DD6CD2 /* dos.js */ = {isa = PBXFileReference; lastKnownFileType = sourcecode.javascript; path = dos.js; sourceTree = "<group>"; };
		AF5FA52E1F5F070F00DD6CD2 /* dsconfig.js */ = {isa = PBXFileReference; lastKnownFileType = sourcecode.javascript; path = dsconfig.js; sourceTree = "<group>"; };
		AF5FA52F1F5F070F00DD6CD2 /* dts.js */ = {isa = PBXFileReference; lastKnownFileType = sourcecode.javascript; path = dts.js; sourceTree = "<group>"; };
		AF5FA5301F5F070F00DD6CD2 /* dust.js */ = {isa = PBXFileReference; lastKnownFileType = sourcecode.javascript; path = dust.js; sourceTree = "<group>"; };
		AF5FA5311F5F070F00DD6CD2 /* ebnf.js */ = {isa = PBXFileReference; lastKnownFileType = sourcecode.javascript; path = ebnf.js; sourceTree = "<group>"; };
		AF5FA5321F5F070F00DD6CD2 /* elixir.js */ = {isa = PBXFileReference; lastKnownFileType = sourcecode.javascript; path = elixir.js; sourceTree = "<group>"; };
		AF5FA5331F5F070F00DD6CD2 /* elm.js */ = {isa = PBXFileReference; lastKnownFileType = sourcecode.javascript; path = elm.js; sourceTree = "<group>"; };
		AF5FA5341F5F070F00DD6CD2 /* erb.js */ = {isa = PBXFileReference; lastKnownFileType = sourcecode.javascript; path = erb.js; sourceTree = "<group>"; };
		AF5FA5351F5F070F00DD6CD2 /* erlang-repl.js */ = {isa = PBXFileReference; lastKnownFileType = sourcecode.javascript; path = "erlang-repl.js"; sourceTree = "<group>"; };
		AF5FA5361F5F070F00DD6CD2 /* erlang.js */ = {isa = PBXFileReference; lastKnownFileType = sourcecode.javascript; path = erlang.js; sourceTree = "<group>"; };
		AF5FA5371F5F070F00DD6CD2 /* excel.js */ = {isa = PBXFileReference; lastKnownFileType = sourcecode.javascript; path = excel.js; sourceTree = "<group>"; };
		AF5FA5381F5F070F00DD6CD2 /* fix.js */ = {isa = PBXFileReference; lastKnownFileType = sourcecode.javascript; path = fix.js; sourceTree = "<group>"; };
		AF5FA5391F5F070F00DD6CD2 /* flix.js */ = {isa = PBXFileReference; lastKnownFileType = sourcecode.javascript; path = flix.js; sourceTree = "<group>"; };
		AF5FA53A1F5F070F00DD6CD2 /* fortran.js */ = {isa = PBXFileReference; lastKnownFileType = sourcecode.javascript; path = fortran.js; sourceTree = "<group>"; };
		AF5FA53B1F5F070F00DD6CD2 /* fsharp.js */ = {isa = PBXFileReference; lastKnownFileType = sourcecode.javascript; path = fsharp.js; sourceTree = "<group>"; };
		AF5FA53C1F5F070F00DD6CD2 /* gams.js */ = {isa = PBXFileReference; lastKnownFileType = sourcecode.javascript; path = gams.js; sourceTree = "<group>"; };
		AF5FA53D1F5F070F00DD6CD2 /* gauss.js */ = {isa = PBXFileReference; lastKnownFileType = sourcecode.javascript; path = gauss.js; sourceTree = "<group>"; };
		AF5FA53E1F5F070F00DD6CD2 /* gcode.js */ = {isa = PBXFileReference; lastKnownFileType = sourcecode.javascript; path = gcode.js; sourceTree = "<group>"; };
		AF5FA53F1F5F070F00DD6CD2 /* gherkin.js */ = {isa = PBXFileReference; lastKnownFileType = sourcecode.javascript; path = gherkin.js; sourceTree = "<group>"; };
		AF5FA5401F5F070F00DD6CD2 /* glsl.js */ = {isa = PBXFileReference; lastKnownFileType = sourcecode.javascript; path = glsl.js; sourceTree = "<group>"; };
		AF5FA5411F5F070F00DD6CD2 /* go.js */ = {isa = PBXFileReference; lastKnownFileType = sourcecode.javascript; path = go.js; sourceTree = "<group>"; };
		AF5FA5421F5F070F00DD6CD2 /* golo.js */ = {isa = PBXFileReference; lastKnownFileType = sourcecode.javascript; path = golo.js; sourceTree = "<group>"; };
		AF5FA5431F5F070F00DD6CD2 /* gradle.js */ = {isa = PBXFileReference; lastKnownFileType = sourcecode.javascript; path = gradle.js; sourceTree = "<group>"; };
		AF5FA5441F5F070F00DD6CD2 /* groovy.js */ = {isa = PBXFileReference; lastKnownFileType = sourcecode.javascript; path = groovy.js; sourceTree = "<group>"; };
		AF5FA5451F5F070F00DD6CD2 /* haml.js */ = {isa = PBXFileReference; lastKnownFileType = sourcecode.javascript; path = haml.js; sourceTree = "<group>"; };
		AF5FA5461F5F070F00DD6CD2 /* handlebars.js */ = {isa = PBXFileReference; lastKnownFileType = sourcecode.javascript; path = handlebars.js; sourceTree = "<group>"; };
		AF5FA5471F5F070F00DD6CD2 /* haskell.js */ = {isa = PBXFileReference; lastKnownFileType = sourcecode.javascript; path = haskell.js; sourceTree = "<group>"; };
		AF5FA5481F5F070F00DD6CD2 /* haxe.js */ = {isa = PBXFileReference; lastKnownFileType = sourcecode.javascript; path = haxe.js; sourceTree = "<group>"; };
		AF5FA5491F5F070F00DD6CD2 /* hsp.js */ = {isa = PBXFileReference; lastKnownFileType = sourcecode.javascript; path = hsp.js; sourceTree = "<group>"; };
		AF5FA54A1F5F070F00DD6CD2 /* htmlbars.js */ = {isa = PBXFileReference; lastKnownFileType = sourcecode.javascript; path = htmlbars.js; sourceTree = "<group>"; };
		AF5FA54B1F5F070F00DD6CD2 /* http.js */ = {isa = PBXFileReference; lastKnownFileType = sourcecode.javascript; path = http.js; sourceTree = "<group>"; };
		AF5FA54C1F5F070F00DD6CD2 /* hy.js */ = {isa = PBXFileReference; lastKnownFileType = sourcecode.javascript; path = hy.js; sourceTree = "<group>"; };
		AF5FA54D1F5F070F00DD6CD2 /* inform7.js */ = {isa = PBXFileReference; lastKnownFileType = sourcecode.javascript; path = inform7.js; sourceTree = "<group>"; };
		AF5FA54E1F5F070F00DD6CD2 /* ini.js */ = {isa = PBXFileReference; lastKnownFileType = sourcecode.javascript; path = ini.js; sourceTree = "<group>"; };
		AF5FA54F1F5F070F00DD6CD2 /* irpf90.js */ = {isa = PBXFileReference; lastKnownFileType = sourcecode.javascript; path = irpf90.js; sourceTree = "<group>"; };
		AF5FA5501F5F070F00DD6CD2 /* java.js */ = {isa = PBXFileReference; lastKnownFileType = sourcecode.javascript; path = java.js; sourceTree = "<group>"; };
		AF5FA5511F5F070F00DD6CD2 /* javascript.js */ = {isa = PBXFileReference; lastKnownFileType = sourcecode.javascript; path = javascript.js; sourceTree = "<group>"; };
		AF5FA5521F5F070F00DD6CD2 /* jboss-cli.js */ = {isa = PBXFileReference; lastKnownFileType = sourcecode.javascript; path = "jboss-cli.js"; sourceTree = "<group>"; };
		AF5FA5531F5F070F00DD6CD2 /* json.js */ = {isa = PBXFileReference; lastKnownFileType = sourcecode.javascript; path = json.js; sourceTree = "<group>"; };
		AF5FA5541F5F070F00DD6CD2 /* julia-repl.js */ = {isa = PBXFileReference; lastKnownFileType = sourcecode.javascript; path = "julia-repl.js"; sourceTree = "<group>"; };
		AF5FA5551F5F070F00DD6CD2 /* julia.js */ = {isa = PBXFileReference; lastKnownFileType = sourcecode.javascript; path = julia.js; sourceTree = "<group>"; };
		AF5FA5561F5F070F00DD6CD2 /* kotlin.js */ = {isa = PBXFileReference; lastKnownFileType = sourcecode.javascript; path = kotlin.js; sourceTree = "<group>"; };
		AF5FA5571F5F070F00DD6CD2 /* lasso.js */ = {isa = PBXFileReference; lastKnownFileType = sourcecode.javascript; path = lasso.js; sourceTree = "<group>"; };
		AF5FA5581F5F070F00DD6CD2 /* ldif.js */ = {isa = PBXFileReference; lastKnownFileType = sourcecode.javascript; path = ldif.js; sourceTree = "<group>"; };
		AF5FA5591F5F070F00DD6CD2 /* leaf.js */ = {isa = PBXFileReference; lastKnownFileType = sourcecode.javascript; path = leaf.js; sourceTree = "<group>"; };
		AF5FA55A1F5F070F00DD6CD2 /* less.js */ = {isa = PBXFileReference; lastKnownFileType = sourcecode.javascript; path = less.js; sourceTree = "<group>"; };
		AF5FA55B1F5F070F00DD6CD2 /* lisp.js */ = {isa = PBXFileReference; lastKnownFileType = sourcecode.javascript; path = lisp.js; sourceTree = "<group>"; };
		AF5FA55C1F5F070F00DD6CD2 /* livecodeserver.js */ = {isa = PBXFileReference; lastKnownFileType = sourcecode.javascript; path = livecodeserver.js; sourceTree = "<group>"; };
		AF5FA55D1F5F070F00DD6CD2 /* livescript.js */ = {isa = PBXFileReference; lastKnownFileType = sourcecode.javascript; path = livescript.js; sourceTree = "<group>"; };
		AF5FA55E1F5F070F00DD6CD2 /* llvm.js */ = {isa = PBXFileReference; lastKnownFileType = sourcecode.javascript; path = llvm.js; sourceTree = "<group>"; };
		AF5FA55F1F5F070F00DD6CD2 /* lsl.js */ = {isa = PBXFileReference; lastKnownFileType = sourcecode.javascript; path = lsl.js; sourceTree = "<group>"; };
		AF5FA5601F5F070F00DD6CD2 /* lua.js */ = {isa = PBXFileReference; lastKnownFileType = sourcecode.javascript; path = lua.js; sourceTree = "<group>"; };
		AF5FA5611F5F070F00DD6CD2 /* makefile.js */ = {isa = PBXFileReference; lastKnownFileType = sourcecode.javascript; path = makefile.js; sourceTree = "<group>"; };
		AF5FA5621F5F070F00DD6CD2 /* markdown.js */ = {isa = PBXFileReference; lastKnownFileType = sourcecode.javascript; path = markdown.js; sourceTree = "<group>"; };
		AF5FA5631F5F070F00DD6CD2 /* mathematica.js */ = {isa = PBXFileReference; lastKnownFileType = sourcecode.javascript; path = mathematica.js; sourceTree = "<group>"; };
		AF5FA5641F5F070F00DD6CD2 /* matlab.js */ = {isa = PBXFileReference; lastKnownFileType = sourcecode.javascript; path = matlab.js; sourceTree = "<group>"; };
		AF5FA5651F5F070F00DD6CD2 /* maxima.js */ = {isa = PBXFileReference; lastKnownFileType = sourcecode.javascript; path = maxima.js; sourceTree = "<group>"; };
		AF5FA5661F5F070F00DD6CD2 /* mel.js */ = {isa = PBXFileReference; lastKnownFileType = sourcecode.javascript; path = mel.js; sourceTree = "<group>"; };
		AF5FA5671F5F070F00DD6CD2 /* mercury.js */ = {isa = PBXFileReference; lastKnownFileType = sourcecode.javascript; path = mercury.js; sourceTree = "<group>"; };
		AF5FA5681F5F070F00DD6CD2 /* mipsasm.js */ = {isa = PBXFileReference; lastKnownFileType = sourcecode.javascript; path = mipsasm.js; sourceTree = "<group>"; };
		AF5FA5691F5F070F00DD6CD2 /* mizar.js */ = {isa = PBXFileReference; lastKnownFileType = sourcecode.javascript; path = mizar.js; sourceTree = "<group>"; };
		AF5FA56A1F5F070F00DD6CD2 /* mojolicious.js */ = {isa = PBXFileReference; lastKnownFileType = sourcecode.javascript; path = mojolicious.js; sourceTree = "<group>"; };
		AF5FA56B1F5F070F00DD6CD2 /* monkey.js */ = {isa = PBXFileReference; lastKnownFileType = sourcecode.javascript; path = monkey.js; sourceTree = "<group>"; };
		AF5FA56C1F5F070F00DD6CD2 /* moonscript.js */ = {isa = PBXFileReference; lastKnownFileType = sourcecode.javascript; path = moonscript.js; sourceTree = "<group>"; };
		AF5FA56D1F5F070F00DD6CD2 /* n1ql.js */ = {isa = PBXFileReference; lastKnownFileType = sourcecode.javascript; path = n1ql.js; sourceTree = "<group>"; };
		AF5FA56E1F5F070F00DD6CD2 /* nginx.js */ = {isa = PBXFileReference; lastKnownFileType = sourcecode.javascript; path = nginx.js; sourceTree = "<group>"; };
		AF5FA56F1F5F070F00DD6CD2 /* nimrod.js */ = {isa = PBXFileReference; lastKnownFileType = sourcecode.javascript; path = nimrod.js; sourceTree = "<group>"; };
		AF5FA5701F5F070F00DD6CD2 /* nix.js */ = {isa = PBXFileReference; lastKnownFileType = sourcecode.javascript; path = nix.js; sourceTree = "<group>"; };
		AF5FA5711F5F070F00DD6CD2 /* nsis.js */ = {isa = PBXFileReference; lastKnownFileType = sourcecode.javascript; path = nsis.js; sourceTree = "<group>"; };
		AF5FA5721F5F070F00DD6CD2 /* objectivec.js */ = {isa = PBXFileReference; lastKnownFileType = sourcecode.javascript; path = objectivec.js; sourceTree = "<group>"; };
		AF5FA5731F5F070F00DD6CD2 /* ocaml.js */ = {isa = PBXFileReference; lastKnownFileType = sourcecode.javascript; path = ocaml.js; sourceTree = "<group>"; };
		AF5FA5741F5F070F00DD6CD2 /* openscad.js */ = {isa = PBXFileReference; lastKnownFileType = sourcecode.javascript; path = openscad.js; sourceTree = "<group>"; };
		AF5FA5751F5F070F00DD6CD2 /* oxygene.js */ = {isa = PBXFileReference; lastKnownFileType = sourcecode.javascript; path = oxygene.js; sourceTree = "<group>"; };
		AF5FA5761F5F070F00DD6CD2 /* parser3.js */ = {isa = PBXFileReference; lastKnownFileType = sourcecode.javascript; path = parser3.js; sourceTree = "<group>"; };
		AF5FA5771F5F070F00DD6CD2 /* perl.js */ = {isa = PBXFileReference; lastKnownFileType = sourcecode.javascript; path = perl.js; sourceTree = "<group>"; };
		AF5FA5781F5F070F00DD6CD2 /* pf.js */ = {isa = PBXFileReference; lastKnownFileType = sourcecode.javascript; path = pf.js; sourceTree = "<group>"; };
		AF5FA5791F5F070F00DD6CD2 /* php.js */ = {isa = PBXFileReference; lastKnownFileType = sourcecode.javascript; path = php.js; sourceTree = "<group>"; };
		AF5FA57A1F5F070F00DD6CD2 /* pony.js */ = {isa = PBXFileReference; lastKnownFileType = sourcecode.javascript; path = pony.js; sourceTree = "<group>"; };
		AF5FA57B1F5F070F00DD6CD2 /* powershell.js */ = {isa = PBXFileReference; lastKnownFileType = sourcecode.javascript; path = powershell.js; sourceTree = "<group>"; };
		AF5FA57C1F5F070F00DD6CD2 /* processing.js */ = {isa = PBXFileReference; lastKnownFileType = sourcecode.javascript; path = processing.js; sourceTree = "<group>"; };
		AF5FA57D1F5F070F00DD6CD2 /* profile.js */ = {isa = PBXFileReference; lastKnownFileType = sourcecode.javascript; path = profile.js; sourceTree = "<group>"; };
		AF5FA57E1F5F070F00DD6CD2 /* prolog.js */ = {isa = PBXFileReference; lastKnownFileType = sourcecode.javascript; path = prolog.js; sourceTree = "<group>"; };
		AF5FA57F1F5F070F00DD6CD2 /* protobuf.js */ = {isa = PBXFileReference; lastKnownFileType = sourcecode.javascript; path = protobuf.js; sourceTree = "<group>"; };
		AF5FA5801F5F070F00DD6CD2 /* puppet.js */ = {isa = PBXFileReference; lastKnownFileType = sourcecode.javascript; path = puppet.js; sourceTree = "<group>"; };
		AF5FA5811F5F070F00DD6CD2 /* purebasic.js */ = {isa = PBXFileReference; lastKnownFileType = sourcecode.javascript; path = purebasic.js; sourceTree = "<group>"; };
		AF5FA5821F5F070F00DD6CD2 /* python.js */ = {isa = PBXFileReference; lastKnownFileType = sourcecode.javascript; path = python.js; sourceTree = "<group>"; };
		AF5FA5831F5F070F00DD6CD2 /* q.js */ = {isa = PBXFileReference; lastKnownFileType = sourcecode.javascript; path = q.js; sourceTree = "<group>"; };
		AF5FA5841F5F070F00DD6CD2 /* qml.js */ = {isa = PBXFileReference; lastKnownFileType = sourcecode.javascript; path = qml.js; sourceTree = "<group>"; };
		AF5FA5851F5F070F00DD6CD2 /* r.js */ = {isa = PBXFileReference; lastKnownFileType = sourcecode.javascript; path = r.js; sourceTree = "<group>"; };
		AF5FA5861F5F070F00DD6CD2 /* rib.js */ = {isa = PBXFileReference; lastKnownFileType = sourcecode.javascript; path = rib.js; sourceTree = "<group>"; };
		AF5FA5871F5F070F00DD6CD2 /* roboconf.js */ = {isa = PBXFileReference; lastKnownFileType = sourcecode.javascript; path = roboconf.js; sourceTree = "<group>"; };
		AF5FA5881F5F070F00DD6CD2 /* routeros.js */ = {isa = PBXFileReference; lastKnownFileType = sourcecode.javascript; path = routeros.js; sourceTree = "<group>"; };
		AF5FA5891F5F070F00DD6CD2 /* rsl.js */ = {isa = PBXFileReference; lastKnownFileType = sourcecode.javascript; path = rsl.js; sourceTree = "<group>"; };
		AF5FA58A1F5F070F00DD6CD2 /* ruby.js */ = {isa = PBXFileReference; lastKnownFileType = sourcecode.javascript; path = ruby.js; sourceTree = "<group>"; };
		AF5FA58B1F5F070F00DD6CD2 /* ruleslanguage.js */ = {isa = PBXFileReference; lastKnownFileType = sourcecode.javascript; path = ruleslanguage.js; sourceTree = "<group>"; };
		AF5FA58C1F5F070F00DD6CD2 /* rust.js */ = {isa = PBXFileReference; lastKnownFileType = sourcecode.javascript; path = rust.js; sourceTree = "<group>"; };
		AF5FA58D1F5F070F00DD6CD2 /* scala.js */ = {isa = PBXFileReference; lastKnownFileType = sourcecode.javascript; path = scala.js; sourceTree = "<group>"; };
		AF5FA58E1F5F070F00DD6CD2 /* scheme.js */ = {isa = PBXFileReference; lastKnownFileType = sourcecode.javascript; path = scheme.js; sourceTree = "<group>"; };
		AF5FA58F1F5F070F00DD6CD2 /* scilab.js */ = {isa = PBXFileReference; lastKnownFileType = sourcecode.javascript; path = scilab.js; sourceTree = "<group>"; };
		AF5FA5901F5F070F00DD6CD2 /* scss.js */ = {isa = PBXFileReference; lastKnownFileType = sourcecode.javascript; path = scss.js; sourceTree = "<group>"; };
		AF5FA5911F5F070F00DD6CD2 /* shell.js */ = {isa = PBXFileReference; lastKnownFileType = sourcecode.javascript; path = shell.js; sourceTree = "<group>"; };
		AF5FA5921F5F070F00DD6CD2 /* smali.js */ = {isa = PBXFileReference; lastKnownFileType = sourcecode.javascript; path = smali.js; sourceTree = "<group>"; };
		AF5FA5931F5F070F00DD6CD2 /* smalltalk.js */ = {isa = PBXFileReference; lastKnownFileType = sourcecode.javascript; path = smalltalk.js; sourceTree = "<group>"; };
		AF5FA5941F5F070F00DD6CD2 /* sml.js */ = {isa = PBXFileReference; lastKnownFileType = sourcecode.javascript; path = sml.js; sourceTree = "<group>"; };
		AF5FA5951F5F070F00DD6CD2 /* sqf.js */ = {isa = PBXFileReference; lastKnownFileType = sourcecode.javascript; path = sqf.js; sourceTree = "<group>"; };
		AF5FA5961F5F070F00DD6CD2 /* sql.js */ = {isa = PBXFileReference; lastKnownFileType = sourcecode.javascript; path = sql.js; sourceTree = "<group>"; };
		AF5FA5971F5F070F00DD6CD2 /* stan.js */ = {isa = PBXFileReference; lastKnownFileType = sourcecode.javascript; path = stan.js; sourceTree = "<group>"; };
		AF5FA5981F5F070F00DD6CD2 /* stata.js */ = {isa = PBXFileReference; lastKnownFileType = sourcecode.javascript; path = stata.js; sourceTree = "<group>"; };
		AF5FA5991F5F070F00DD6CD2 /* step21.js */ = {isa = PBXFileReference; lastKnownFileType = sourcecode.javascript; path = step21.js; sourceTree = "<group>"; };
		AF5FA59A1F5F070F00DD6CD2 /* stylus.js */ = {isa = PBXFileReference; lastKnownFileType = sourcecode.javascript; path = stylus.js; sourceTree = "<group>"; };
		AF5FA59B1F5F070F00DD6CD2 /* subunit.js */ = {isa = PBXFileReference; lastKnownFileType = sourcecode.javascript; path = subunit.js; sourceTree = "<group>"; };
		AF5FA59C1F5F070F00DD6CD2 /* swift.js */ = {isa = PBXFileReference; lastKnownFileType = sourcecode.javascript; path = swift.js; sourceTree = "<group>"; };
		AF5FA59D1F5F070F00DD6CD2 /* taggerscript.js */ = {isa = PBXFileReference; lastKnownFileType = sourcecode.javascript; path = taggerscript.js; sourceTree = "<group>"; };
		AF5FA59E1F5F070F00DD6CD2 /* tap.js */ = {isa = PBXFileReference; lastKnownFileType = sourcecode.javascript; path = tap.js; sourceTree = "<group>"; };
		AF5FA59F1F5F070F00DD6CD2 /* tcl.js */ = {isa = PBXFileReference; lastKnownFileType = sourcecode.javascript; path = tcl.js; sourceTree = "<group>"; };
		AF5FA5A01F5F070F00DD6CD2 /* tex.js */ = {isa = PBXFileReference; lastKnownFileType = sourcecode.javascript; path = tex.js; sourceTree = "<group>"; };
		AF5FA5A11F5F070F00DD6CD2 /* thrift.js */ = {isa = PBXFileReference; lastKnownFileType = sourcecode.javascript; path = thrift.js; sourceTree = "<group>"; };
		AF5FA5A21F5F070F00DD6CD2 /* tp.js */ = {isa = PBXFileReference; lastKnownFileType = sourcecode.javascript; path = tp.js; sourceTree = "<group>"; };
		AF5FA5A31F5F070F00DD6CD2 /* twig.js */ = {isa = PBXFileReference; lastKnownFileType = sourcecode.javascript; path = twig.js; sourceTree = "<group>"; };
		AF5FA5A41F5F070F00DD6CD2 /* typescript.js */ = {isa = PBXFileReference; lastKnownFileType = sourcecode.javascript; path = typescript.js; sourceTree = "<group>"; };
		AF5FA5A51F5F070F00DD6CD2 /* vala.js */ = {isa = PBXFileReference; lastKnownFileType = sourcecode.javascript; path = vala.js; sourceTree = "<group>"; };
		AF5FA5A61F5F070F00DD6CD2 /* vbnet.js */ = {isa = PBXFileReference; lastKnownFileType = sourcecode.javascript; path = vbnet.js; sourceTree = "<group>"; };
		AF5FA5A71F5F070F00DD6CD2 /* vbscript-html.js */ = {isa = PBXFileReference; lastKnownFileType = sourcecode.javascript; path = "vbscript-html.js"; sourceTree = "<group>"; };
		AF5FA5A81F5F070F00DD6CD2 /* vbscript.js */ = {isa = PBXFileReference; lastKnownFileType = sourcecode.javascript; path = vbscript.js; sourceTree = "<group>"; };
		AF5FA5A91F5F070F00DD6CD2 /* verilog.js */ = {isa = PBXFileReference; lastKnownFileType = sourcecode.javascript; path = verilog.js; sourceTree = "<group>"; };
		AF5FA5AA1F5F070F00DD6CD2 /* vhdl.js */ = {isa = PBXFileReference; lastKnownFileType = sourcecode.javascript; path = vhdl.js; sourceTree = "<group>"; };
		AF5FA5AB1F5F070F00DD6CD2 /* vim.js */ = {isa = PBXFileReference; lastKnownFileType = sourcecode.javascript; path = vim.js; sourceTree = "<group>"; };
		AF5FA5AC1F5F070F00DD6CD2 /* x86asm.js */ = {isa = PBXFileReference; lastKnownFileType = sourcecode.javascript; path = x86asm.js; sourceTree = "<group>"; };
		AF5FA5AD1F5F070F00DD6CD2 /* xl.js */ = {isa = PBXFileReference; lastKnownFileType = sourcecode.javascript; path = xl.js; sourceTree = "<group>"; };
		AF5FA5AE1F5F070F00DD6CD2 /* xml.js */ = {isa = PBXFileReference; lastKnownFileType = sourcecode.javascript; path = xml.js; sourceTree = "<group>"; };
		AF5FA5AF1F5F070F00DD6CD2 /* xquery.js */ = {isa = PBXFileReference; lastKnownFileType = sourcecode.javascript; path = xquery.js; sourceTree = "<group>"; };
		AF5FA5B01F5F070F00DD6CD2 /* yaml.js */ = {isa = PBXFileReference; lastKnownFileType = sourcecode.javascript; path = yaml.js; sourceTree = "<group>"; };
		AF5FA5B11F5F070F00DD6CD2 /* zephir.js */ = {isa = PBXFileReference; lastKnownFileType = sourcecode.javascript; path = zephir.js; sourceTree = "<group>"; };
/* End PBXFileReference section */

/* Begin PBXGroup section */
		AF5FA4FC1F5F070F00DD6CD2 = {
			isa = PBXGroup;
			children = (
				AF5FA5021F5F070F00DD6CD2 /* 1c.js */,
				AF5FA5031F5F070F00DD6CD2 /* abnf.js */,
				AF5FA5041F5F070F00DD6CD2 /* accesslog.js */,
				AF5FA5051F5F070F00DD6CD2 /* actionscript.js */,
				AF5FA5061F5F070F00DD6CD2 /* ada.js */,
				AF5FA5071F5F070F00DD6CD2 /* apache.js */,
				AF5FA5081F5F070F00DD6CD2 /* applescript.js */,
				AF5FA5091F5F070F00DD6CD2 /* arduino.js */,
				AF5FA50A1F5F070F00DD6CD2 /* armasm.js */,
				AF5FA50B1F5F070F00DD6CD2 /* asciidoc.js */,
				AF5FA50C1F5F070F00DD6CD2 /* aspectj.js */,
				AF5FA50D1F5F070F00DD6CD2 /* autohotkey.js */,
				AF5FA50E1F5F070F00DD6CD2 /* autoit.js */,
				AF5FA50F1F5F070F00DD6CD2 /* avrasm.js */,
				AF5FA5101F5F070F00DD6CD2 /* awk.js */,
				AF5FA5111F5F070F00DD6CD2 /* axapta.js */,
				AF5FA5121F5F070F00DD6CD2 /* bash.js */,
				AF5FA5131F5F070F00DD6CD2 /* basic.js */,
				AF5FA5141F5F070F00DD6CD2 /* bnf.js */,
				AF5FA5151F5F070F00DD6CD2 /* brainfuck.js */,
				AF5FA5161F5F070F00DD6CD2 /* cal.js */,
				AF5FA5171F5F070F00DD6CD2 /* capnproto.js */,
				AF5FA5181F5F070F00DD6CD2 /* ceylon.js */,
				AF5FA5191F5F070F00DD6CD2 /* clean.js */,
				AF5FA51A1F5F070F00DD6CD2 /* clojure-repl.js */,
				AF5FA51B1F5F070F00DD6CD2 /* clojure.js */,
				AF5FA51C1F5F070F00DD6CD2 /* cmake.js */,
				AF5FA51D1F5F070F00DD6CD2 /* coffeescript.js */,
				AF5FA51E1F5F070F00DD6CD2 /* coq.js */,
				AF5FA51F1F5F070F00DD6CD2 /* cos.js */,
				AF5FA5201F5F070F00DD6CD2 /* cpp.js */,
				AF5FA5211F5F070F00DD6CD2 /* crmsh.js */,
				AF5FA5221F5F070F00DD6CD2 /* crystal.js */,
				AF5FA5231F5F070F00DD6CD2 /* cs.js */,
				AF5FA5241F5F070F00DD6CD2 /* csp.js */,
				AF5FA5251F5F070F00DD6CD2 /* css.js */,
				AF5FA5261F5F070F00DD6CD2 /* d.js */,
				AF5FA5271F5F070F00DD6CD2 /* dart.js */,
				AF5FA5281F5F070F00DD6CD2 /* delphi.js */,
				AF5FA5291F5F070F00DD6CD2 /* diff.js */,
				AF5FA52A1F5F070F00DD6CD2 /* django.js */,
				AF5FA52B1F5F070F00DD6CD2 /* dns.js */,
				AF5FA52C1F5F070F00DD6CD2 /* dockerfile.js */,
				AF5FA52D1F5F070F00DD6CD2 /* dos.js */,
				AF5FA52E1F5F070F00DD6CD2 /* dsconfig.js */,
				AF5FA52F1F5F070F00DD6CD2 /* dts.js */,
				AF5FA5301F5F070F00DD6CD2 /* dust.js */,
				AF5FA5311F5F070F00DD6CD2 /* ebnf.js */,
				AF5FA5321F5F070F00DD6CD2 /* elixir.js */,
				AF5FA5331F5F070F00DD6CD2 /* elm.js */,
				AF5FA5341F5F070F00DD6CD2 /* erb.js */,
				AF5FA5351F5F070F00DD6CD2 /* erlang-repl.js */,
				AF5FA5361F5F070F00DD6CD2 /* erlang.js */,
				AF5FA5371F5F070F00DD6CD2 /* excel.js */,
				AF5FA5381F5F070F00DD6CD2 /* fix.js */,
				AF5FA5391F5F070F00DD6CD2 /* flix.js */,
				AF5FA53A1F5F070F00DD6CD2 /* fortran.js */,
				AF5FA53B1F5F070F00DD6CD2 /* fsharp.js */,
				AF5FA53C1F5F070F00DD6CD2 /* gams.js */,
				AF5FA53D1F5F070F00DD6CD2 /* gauss.js */,
				AF5FA53E1F5F070F00DD6CD2 /* gcode.js */,
				AF5FA53F1F5F070F00DD6CD2 /* gherkin.js */,
				AF5FA5401F5F070F00DD6CD2 /* glsl.js */,
				AF5FA5411F5F070F00DD6CD2 /* go.js */,
				AF5FA5421F5F070F00DD6CD2 /* golo.js */,
				AF5FA5431F5F070F00DD6CD2 /* gradle.js */,
				AF5FA5441F5F070F00DD6CD2 /* groovy.js */,
				AF5FA5451F5F070F00DD6CD2 /* haml.js */,
				AF5FA5461F5F070F00DD6CD2 /* handlebars.js */,
				AF5FA5471F5F070F00DD6CD2 /* haskell.js */,
				AF5FA5481F5F070F00DD6CD2 /* haxe.js */,
				AF5FA5491F5F070F00DD6CD2 /* hsp.js */,
				AF5FA54A1F5F070F00DD6CD2 /* htmlbars.js */,
				AF5FA54B1F5F070F00DD6CD2 /* http.js */,
				AF5FA54C1F5F070F00DD6CD2 /* hy.js */,
				AF5FA54D1F5F070F00DD6CD2 /* inform7.js */,
				AF5FA54E1F5F070F00DD6CD2 /* ini.js */,
				AF5FA54F1F5F070F00DD6CD2 /* irpf90.js */,
				AF5FA5501F5F070F00DD6CD2 /* java.js */,
				AF5FA5511F5F070F00DD6CD2 /* javascript.js */,
				AF5FA5521F5F070F00DD6CD2 /* jboss-cli.js */,
				AF5FA5531F5F070F00DD6CD2 /* json.js */,
				AF5FA5541F5F070F00DD6CD2 /* julia-repl.js */,
				AF5FA5551F5F070F00DD6CD2 /* julia.js */,
				AF5FA5561F5F070F00DD6CD2 /* kotlin.js */,
				AF5FA5571F5F070F00DD6CD2 /* lasso.js */,
				AF5FA5581F5F070F00DD6CD2 /* ldif.js */,
				AF5FA5591F5F070F00DD6CD2 /* leaf.js */,
				AF5FA55A1F5F070F00DD6CD2 /* less.js */,
				AF5FA55B1F5F070F00DD6CD2 /* lisp.js */,
				AF5FA55C1F5F070F00DD6CD2 /* livecodeserver.js */,
				AF5FA55D1F5F070F00DD6CD2 /* livescript.js */,
				AF5FA55E1F5F070F00DD6CD2 /* llvm.js */,
				AF5FA55F1F5F070F00DD6CD2 /* lsl.js */,
				AF5FA5601F5F070F00DD6CD2 /* lua.js */,
				AF5FA5611F5F070F00DD6CD2 /* makefile.js */,
				AF5FA5621F5F070F00DD6CD2 /* markdown.js */,
				AF5FA5631F5F070F00DD6CD2 /* mathematica.js */,
				AF5FA5641F5F070F00DD6CD2 /* matlab.js */,
				AF5FA5651F5F070F00DD6CD2 /* maxima.js */,
				AF5FA5661F5F070F00DD6CD2 /* mel.js */,
				AF5FA5671F5F070F00DD6CD2 /* mercury.js */,
				AF5FA5681F5F070F00DD6CD2 /* mipsasm.js */,
				AF5FA5691F5F070F00DD6CD2 /* mizar.js */,
				AF5FA56A1F5F070F00DD6CD2 /* mojolicious.js */,
				AF5FA56B1F5F070F00DD6CD2 /* monkey.js */,
				AF5FA56C1F5F070F00DD6CD2 /* moonscript.js */,
				AF5FA56D1F5F070F00DD6CD2 /* n1ql.js */,
				AF5FA56E1F5F070F00DD6CD2 /* nginx.js */,
				AF5FA56F1F5F070F00DD6CD2 /* nimrod.js */,
				AF5FA5701F5F070F00DD6CD2 /* nix.js */,
				AF5FA5711F5F070F00DD6CD2 /* nsis.js */,
				AF5FA5721F5F070F00DD6CD2 /* objectivec.js */,
				AF5FA5731F5F070F00DD6CD2 /* ocaml.js */,
				AF5FA5741F5F070F00DD6CD2 /* openscad.js */,
				AF5FA5751F5F070F00DD6CD2 /* oxygene.js */,
				AF5FA5761F5F070F00DD6CD2 /* parser3.js */,
				AF5FA5771F5F070F00DD6CD2 /* perl.js */,
				AF5FA5781F5F070F00DD6CD2 /* pf.js */,
				AF5FA5791F5F070F00DD6CD2 /* php.js */,
				AF5FA57A1F5F070F00DD6CD2 /* pony.js */,
				AF5FA57B1F5F070F00DD6CD2 /* powershell.js */,
				AF5FA57C1F5F070F00DD6CD2 /* processing.js */,
				AF5FA57D1F5F070F00DD6CD2 /* profile.js */,
				AF5FA57E1F5F070F00DD6CD2 /* prolog.js */,
				AF5FA57F1F5F070F00DD6CD2 /* protobuf.js */,
				AF5FA5801F5F070F00DD6CD2 /* puppet.js */,
				AF5FA5811F5F070F00DD6CD2 /* purebasic.js */,
				AF5FA5821F5F070F00DD6CD2 /* python.js */,
				AF5FA5831F5F070F00DD6CD2 /* q.js */,
				AF5FA5841F5F070F00DD6CD2 /* qml.js */,
				AF5FA5851F5F070F00DD6CD2 /* r.js */,
				AF5FA5861F5F070F00DD6CD2 /* rib.js */,
				AF5FA5871F5F070F00DD6CD2 /* roboconf.js */,
				AF5FA5881F5F070F00DD6CD2 /* routeros.js */,
				AF5FA5891F5F070F00DD6CD2 /* rsl.js */,
				AF5FA58A1F5F070F00DD6CD2 /* ruby.js */,
				AF5FA58B1F5F070F00DD6CD2 /* ruleslanguage.js */,
				AF5FA58C1F5F070F00DD6CD2 /* rust.js */,
				AF5FA58D1F5F070F00DD6CD2 /* scala.js */,
				AF5FA58E1F5F070F00DD6CD2 /* scheme.js */,
				AF5FA58F1F5F070F00DD6CD2 /* scilab.js */,
				AF5FA5901F5F070F00DD6CD2 /* scss.js */,
				AF5FA5911F5F070F00DD6CD2 /* shell.js */,
				AF5FA5921F5F070F00DD6CD2 /* smali.js */,
				AF5FA5931F5F070F00DD6CD2 /* smalltalk.js */,
				AF5FA5941F5F070F00DD6CD2 /* sml.js */,
				AF5FA5951F5F070F00DD6CD2 /* sqf.js */,
				AF5FA5961F5F070F00DD6CD2 /* sql.js */,
				AF5FA5971F5F070F00DD6CD2 /* stan.js */,
				AF5FA5981F5F070F00DD6CD2 /* stata.js */,
				AF5FA5991F5F070F00DD6CD2 /* step21.js */,
				AF5FA59A1F5F070F00DD6CD2 /* stylus.js */,
				AF5FA59B1F5F070F00DD6CD2 /* subunit.js */,
				AF5FA59C1F5F070F00DD6CD2 /* swift.js */,
				AF5FA59D1F5F070F00DD6CD2 /* taggerscript.js */,
				AF5FA59E1F5F070F00DD6CD2 /* tap.js */,
				AF5FA59F1F5F070F00DD6CD2 /* tcl.js */,
				AF5FA5A01F5F070F00DD6CD2 /* tex.js */,
				AF5FA5A11F5F070F00DD6CD2 /* thrift.js */,
				AF5FA5A21F5F070F00DD6CD2 /* tp.js */,
				AF5FA5A31F5F070F00DD6CD2 /* twig.js */,
				AF5FA5A41F5F070F00DD6CD2 /* typescript.js */,
				AF5FA5A51F5F070F00DD6CD2 /* vala.js */,
				AF5FA5A61F5F070F00DD6CD2 /* vbnet.js */,
				AF5FA5A71F5F070F00DD6CD2 /* vbscript-html.js */,
				AF5FA5A81F5F070F00DD6CD2 /* vbscript.js */,
				AF5FA5A91F5F070F00DD6CD2 /* verilog.js */,
				AF5FA5AA1F5F070F00DD6CD2 /* vhdl.js */,
				AF5FA5AB1F5F070F00DD6CD2 /* vim.js */,
				AF5FA5AC1F5F070F00DD6CD2 /* x86asm.js */,
				AF5FA5AD1F5F070F00DD6CD2 /* xl.js */,
				AF5FA5AE1F5F070F00DD6CD2 /* xml.js */,
				AF5FA5AF1F5F070F00DD6CD2 /* xquery.js */,
				AF5FA5B01F5F070F00DD6CD2 /* yaml.js */,
				AF5FA5B11F5F070F00DD6CD2 /* zephir.js */,
			);
			sourceTree = "<group>";
		};
/* End PBXGroup section */

/* Begin PBXLegacyTarget section */
		AF5FA5011F5F070F00DD6CD2 /* languages */ = {
			isa = PBXLegacyTarget;
			buildArgumentsString = "$(ACTION)";
			buildConfigurationList = AF5FA5B21F5F070F00DD6CD2 /* Build configuration list for PBXLegacyTarget "languages" */;
			buildPhases = (
			);
			buildToolPath = /usr/bin/make;
			buildWorkingDirectory = "/Users/xiejiawei/Desktop/Markdown-Note/Markdown Note/MarkdownRes/js/languages";
			dependencies = (
			);
			name = languages;
			passBuildSettingsInEnvironment = 1;
			productName = languages;
		};
/* End PBXLegacyTarget section */

/* Begin PBXProject section */
		AF5FA4FD1F5F070F00DD6CD2 /* Project object */ = {
			isa = PBXProject;
			attributes = {
			};
			buildConfigurationList = AF5FA5001F5F070F00DD6CD2 /* Build configuration list for PBXProject "languages" */;
			compatibilityVersion = "Xcode 3.2";
			developmentRegion = English;
			hasScannedForEncodings = 0;
			knownRegions = (
				en,
			);
			mainGroup = AF5FA4FC1F5F070F00DD6CD2;
			projectDirPath = "";
			projectRoot = "";
			targets = (
				AF5FA5011F5F070F00DD6CD2 /* languages */,
			);
		};
/* End PBXProject section */

/* Begin XCBuildConfiguration section */
		AF5FA4FE1F5F070F00DD6CD2 /* Debug */ = {
			isa = XCBuildConfiguration;
			buildSettings = {
				ARCHS = "$(ARCHS_STANDARD_32_BIT)";
				COPY_PHASE_STRIP = NO;
				GCC_WARN_ABOUT_RETURN_TYPE = YES;
				GCC_WARN_UNUSED_VARIABLE = YES;
				ONLY_ACTIVE_ARCH = YES;
				SDKROOT = macosx10.6;
			};
			name = Debug;
		};
		AF5FA4FF1F5F070F00DD6CD2 /* Release */ = {
			isa = XCBuildConfiguration;
			buildSettings = {
				ARCHS = "$(ARCHS_STANDARD_32_BIT)";
				COPY_PHASE_STRIP = YES;
				GCC_WARN_ABOUT_RETURN_TYPE = YES;
				GCC_WARN_UNUSED_VARIABLE = YES;
				SDKROOT = macosx10.6;
			};
			name = Release;
		};
		AF5FA5B31F5F070F00DD6CD2 /* Debug */ = {
			isa = XCBuildConfiguration;
			buildSettings = {
				COPY_PHASE_STRIP = NO;
				DEBUGGING_SYMBOLS = YES;
				GCC_DYNAMIC_NO_PIC = NO;
				GCC_ENABLE_FIX_AND_CONTINUE = YES;
				GCC_GENERATE_DEBUGGING_SYMBOLS = YES;
				GCC_OPTIMIZATION_LEVEL = 0;
				OTHER_CFLAGS = "";
				OTHER_LDFLAGS = "";
				PRODUCT_NAME = languages;
			};
			name = Debug;
		};
		AF5FA5B41F5F070F00DD6CD2 /* Release */ = {
			isa = XCBuildConfiguration;
			buildSettings = {
				COPY_PHASE_STRIP = YES;
				DEBUG_INFORMATION_FORMAT = "dwarf-with-dsym";
				GCC_ENABLE_FIX_AND_CONTINUE = NO;
				OTHER_CFLAGS = "";
				OTHER_LDFLAGS = "";
				PRODUCT_NAME = languages;
			};
			name = Release;
		};
/* End XCBuildConfiguration section */

/* Begin XCConfigurationList section */
		AF5FA5001F5F070F00DD6CD2 /* Build configuration list for PBXProject "languages" */ = {
			isa = XCConfigurationList;
			buildConfigurations = (
				AF5FA4FE1F5F070F00DD6CD2 /* Debug */,
				AF5FA4FF1F5F070F00DD6CD2 /* Release */,
			);
			defaultConfigurationIsVisible = 0;
			defaultConfigurationName = Release;
		};
		AF5FA5B21F5F070F00DD6CD2 /* Build configuration list for PBXLegacyTarget "languages" */ = {
			isa = XCConfigurationList;
			buildConfigurations = (
				AF5FA5B31F5F070F00DD6CD2 /* Debug */,
				AF5FA5B41F5F070F00DD6CD2 /* Release */,
			);
			defaultConfigurationIsVisible = 0;
			defaultConfigurationName = Release;
		};
/* End XCConfigurationList section */
	};
	rootObject = AF5FA4FD1F5F070F00DD6CD2 /* Project object */;
}
